
Microsoft Visual Studio Solution File, Format Version 12.00
# Visual Studio Version 17
VisualStudioVersion = 17.1.32414.318
MinimumVisualStudioVersion = 10.0.40219.1
Project("{FAE04EC0-301F-11D3-BF4B-00C04F79EFBC}") = "GradeCalc", "GradeCalc\GradeCalc.csproj", "{3110AF73-14E7-4EB8-AF7C-9E08C8587CF9}"
EndProject
Global
	GlobalSection(SolutionConfigurationPlatforms) = preSolution
		Debug|Any CPU = Debug|Any CPU
		Release|Any CPU = Release|Any CPU
	EndGlobalSection
	GlobalSection(ProjectConfigurationPlatforms) = postSolution
		{3110AF73-14E7-4EB8-AF7C-9E08C8587CF9}.Debug|Any CPU.ActiveCfg = Debug|Any CPU
		{3110AF73-14E7-4EB8-AF7C-9E08C8587CF9}.Debug|Any CPU.Build.0 = Debug|Any CPU
		{3110AF73-14E7-4EB8-AF7C-9E08C8587CF9}.Release|Any CPU.ActiveCfg = Release|Any CPU
		{3110AF73-14E7-4EB8-AF7C-9E08C8587CF9}.Release|Any CPU.Build.0 = Release|Any CPU
	EndGlobalSection
	GlobalSection(SolutionProperties) = preSolution
		HideSolutionNode = FALSE
	EndGlobalSection
	GlobalSection(ExtensibilityGlobals) = postSolution
		SolutionGuid = {6ED5FF95-8276-496D-AF42-0E770617AE66}
	EndGlobalSection
EndGlobal
